// !$*UTF8*$!
{
	archiveVersion = 1;
	classes = {
	};
	objectVersion = 46;
	objects = {

/* Begin PBXBuildFile section */
		02CB640E697A37BE19C812C9 /* libPods-Internet Gekkies.a in Frameworks */ = {isa = PBXBuildFile; fileRef = AC1F755A37E7D64235AD3200 /* libPods-Internet Gekkies.a */; };
		F07BC8DB1CEC972100FBA8EF /* dubsmashinternetgekkies.jpg in Resources */ = {isa = PBXBuildFile; fileRef = F07BC8DA1CEC972100FBA8EF /* dubsmashinternetgekkies.jpg */; };
		F091E7421CED277F007DB9F6 /* GoogleService-Info.plist in Resources */ = {isa = PBXBuildFile; fileRef = F091E7411CED277F007DB9F6 /* GoogleService-Info.plist */; };
		F09AEA191CE51F360033DD89 /* AppDelegate.swift in Sources */ = {isa = PBXBuildFile; fileRef = F09AEA181CE51F360033DD89 /* AppDelegate.swift */; };
		F09AEA1B1CE51F360033DD89 /* SoundListViewController.swift in Sources */ = {isa = PBXBuildFile; fileRef = F09AEA1A1CE51F360033DD89 /* SoundListViewController.swift */; };
		F09AEA1E1CE51F360033DD89 /* Main.storyboard in Resources */ = {isa = PBXBuildFile; fileRef = F09AEA1C1CE51F360033DD89 /* Main.storyboard */; };
		F09AEA211CE51F360033DD89 /* Internet_Gekkies.xcdatamodeld in Sources */ = {isa = PBXBuildFile; fileRef = F09AEA1F1CE51F360033DD89 /* Internet_Gekkies.xcdatamodeld */; };
		F09AEA231CE51F360033DD89 /* Assets.xcassets in Resources */ = {isa = PBXBuildFile; fileRef = F09AEA221CE51F360033DD89 /* Assets.xcassets */; };
		F09AEA261CE51F360033DD89 /* LaunchScreen.storyboard in Resources */ = {isa = PBXBuildFile; fileRef = F09AEA241CE51F360033DD89 /* LaunchScreen.storyboard */; };
		F0C90A741CEC6D4D0090C0EF /* googleAnalytcs.m in Sources */ = {isa = PBXBuildFile; fileRef = F0C90A731CEC6D4D0090C0EF /* googleAnalytcs.m */; };
		F0D95DCE1CEC63BC000ADE82 /* ajeto.mp3 in Resources */ = {isa = PBXBuildFile; fileRef = F0D95DB21CEC63BC000ADE82 /* ajeto.mp3 */; };
		F0D95DCF1CEC63BC000ADE82 /* bingo.mp3 in Resources */ = {isa = PBXBuildFile; fileRef = F0D95DB31CEC63BC000ADE82 /* bingo.mp3 */; };
		F0D95DD01CEC63BC000ADE82 /* bobhuis.mp3 in Resources */ = {isa = PBXBuildFile; fileRef = F0D95DB41CEC63BC000ADE82 /* bobhuis.mp3 */; };
		F0D95DD11CEC63BC000ADE82 /* datdoejetochnietzo.mp3 in Resources */ = {isa = PBXBuildFile; fileRef = F0D95DB51CEC63BC000ADE82 /* datdoejetochnietzo.mp3 */; };
		F0D95DD21CEC63BC000ADE82 /* datziejetoch.mp3 in Resources */ = {isa = PBXBuildFile; fileRef = F0D95DB61CEC63BC000ADE82 /* datziejetoch.mp3 */; };
		F0D95DD31CEC63BC000ADE82 /* debaas.mp3 in Resources */ = {isa = PBXBuildFile; fileRef = F0D95DB71CEC63BC000ADE82 /* debaas.mp3 */; };
		F0D95DD41CEC63BC000ADE82 /* diadeem.mp3 in Resources */ = {isa = PBXBuildFile; fileRef = F0D95DB81CEC63BC000ADE82 /* diadeem.mp3 */; };
		F0D95DD51CEC63BC000ADE82 /* Dramatic Chipmunk.mp3 in Resources */ = {isa = PBXBuildFile; fileRef = F0D95DB91CEC63BC000ADE82 /* Dramatic Chipmunk.mp3 */; };
		F0D95DD61CEC63BC000ADE82 /* fuckedg.mp3 in Resources */ = {isa = PBXBuildFile; fileRef = F0D95DBA1CEC63BC000ADE82 /* fuckedg.mp3 */; };
		F0D95DD71CEC63BC000ADE82 /* gevrummel.mp3 in Resources */ = {isa = PBXBuildFile; fileRef = F0D95DBB1CEC63BC000ADE82 /* gevrummel.mp3 */; };
		F0D95DD81CEC63BC000ADE82 /* gezeik.mp3 in Resources */ = {isa = PBXBuildFile; fileRef = F0D95DBC1CEC63BC000ADE82 /* gezeik.mp3 */; };
		F0D95DD91CEC63BC000ADE82 /* helemaalmooi.mp3 in Resources */ = {isa = PBXBuildFile; fileRef = F0D95DBD1CEC63BC000ADE82 /* helemaalmooi.mp3 */; };
		F0D95DDA1CEC63BC000ADE82 /* Koekoek Jonguh.mp3 in Resources */ = {isa = PBXBuildFile; fileRef = F0D95DBE1CEC63BC000ADE82 /* Koekoek Jonguh.mp3 */; };
		F0D95DDB1CEC63BC000ADE82 /* leegblik.mp3 in Resources */ = {isa = PBXBuildFile; fileRef = F0D95DBF1CEC63BC000ADE82 /* leegblik.mp3 */; };
		F0D95DDC1CEC63BC000ADE82 /* macho.mp3 in Resources */ = {isa = PBXBuildFile; fileRef = F0D95DC01CEC63BC000ADE82 /* macho.mp3 */; };
		F0D95DDD1CEC63BC000ADE82 /* niggu.mp3 in Resources */ = {isa = PBXBuildFile; fileRef = F0D95DC11CEC63BC000ADE82 /* niggu.mp3 */; };
		F0D95DDE1CEC63BC000ADE82 /* nomoney.mp3 in Resources */ = {isa = PBXBuildFile; fileRef = F0D95DC21CEC63BC000ADE82 /* nomoney.mp3 */; };
		F0D95DDF1CEC63BC000ADE82 /* nounee.mp3 in Resources */ = {isa = PBXBuildFile; fileRef = F0D95DC31CEC63BC000ADE82 /* nounee.mp3 */; };
		F0D95DE01CEC63BC000ADE82 /* pindakaas.mp3 in Resources */ = {isa = PBXBuildFile; fileRef = F0D95DC41CEC63BC000ADE82 /* pindakaas.mp3 */; };
		F0D95DE11CEC63BC000ADE82 /* plausibel.mp3 in Resources */ = {isa = PBXBuildFile; fileRef = F0D95DC51CEC63BC000ADE82 /* plausibel.mp3 */; };
		F0D95DE21CEC63BC000ADE82 /* rondjes.mp3 in Resources */ = {isa = PBXBuildFile; fileRef = F0D95DC61CEC63BC000ADE82 /* rondjes.mp3 */; };
		F0D95DE31CEC63BC000ADE82 /* sittard.mp3 in Resources */ = {isa = PBXBuildFile; fileRef = F0D95DC71CEC63BC000ADE82 /* sittard.mp3 */; };
		F0D95DE41CEC63BC000ADE82 /* stelen.mp3 in Resources */ = {isa = PBXBuildFile; fileRef = F0D95DC81CEC63BC000ADE82 /* stelen.mp3 */; };
		F0D95DE51CEC63BC000ADE82 /* taarten.mp3 in Resources */ = {isa = PBXBuildFile; fileRef = F0D95DC91CEC63BC000ADE82 /* taarten.mp3 */; };
		F0D95DE61CEC63BC000ADE82 /* tetanken.mp3 in Resources */ = {isa = PBXBuildFile; fileRef = F0D95DCA1CEC63BC000ADE82 /* tetanken.mp3 */; };
		F0D95DE71CEC63BC000ADE82 /* tomvuurwerk.mp3 in Resources */ = {isa = PBXBuildFile; fileRef = F0D95DCB1CEC63BC000ADE82 /* tomvuurwerk.mp3 */; };
		F0D95DE81CEC63BC000ADE82 /* vanmijnbier.mp3 in Resources */ = {isa = PBXBuildFile; fileRef = F0D95DCC1CEC63BC000ADE82 /* vanmijnbier.mp3 */; };
		F0D95DE91CEC63BC000ADE82 /* vieslachje.mp3 in Resources */ = {isa = PBXBuildFile; fileRef = F0D95DCD1CEC63BC000ADE82 /* vieslachje.mp3 */; };
		F0E8B7D41CE5E0F90057D5A8 /* Sound.swift in Sources */ = {isa = PBXBuildFile; fileRef = F0E8B7D31CE5E0F90057D5A8 /* Sound.swift */; };
		F0E8B7D81CE5E7910057D5A8 /* AddSoundViewController.swift in Sources */ = {isa = PBXBuildFile; fileRef = F0E8B7D71CE5E7910057D5A8 /* AddSoundViewController.swift */; };
/* End PBXBuildFile section */

/* Begin PBXFileReference section */
		AC1F755A37E7D64235AD3200 /* libPods-Internet Gekkies.a */ = {isa = PBXFileReference; explicitFileType = archive.ar; includeInIndex = 0; path = "libPods-Internet Gekkies.a"; sourceTree = BUILT_PRODUCTS_DIR; };
		C49D99FA3EE5384A4DD7B2B6 /* Pods-Internet Gekkies.release.xcconfig */ = {isa = PBXFileReference; includeInIndex = 1; lastKnownFileType = text.xcconfig; name = "Pods-Internet Gekkies.release.xcconfig"; path = "Pods/Target Support Files/Pods-Internet Gekkies/Pods-Internet Gekkies.release.xcconfig"; sourceTree = "<group>"; };
		EDE77ED5E4A8F67D9FB22234 /* Pods-Internet Gekkies.debug.xcconfig */ = {isa = PBXFileReference; includeInIndex = 1; lastKnownFileType = text.xcconfig; name = "Pods-Internet Gekkies.debug.xcconfig"; path = "Pods/Target Support Files/Pods-Internet Gekkies/Pods-Internet Gekkies.debug.xcconfig"; sourceTree = "<group>"; };
		F07BC8DA1CEC972100FBA8EF /* dubsmashinternetgekkies.jpg */ = {isa = PBXFileReference; lastKnownFileType = image.jpeg; path = dubsmashinternetgekkies.jpg; sourceTree = "<group>"; };
		F091E7411CED277F007DB9F6 /* GoogleService-Info.plist */ = {isa = PBXFileReference; fileEncoding = 4; lastKnownFileType = text.plist.xml; path = "GoogleService-Info.plist"; sourceTree = "<group>"; };
		F09AEA151CE51F360033DD89 /* Gekkies.app */ = {isa = PBXFileReference; explicitFileType = wrapper.application; includeInIndex = 0; path = Gekkies.app; sourceTree = BUILT_PRODUCTS_DIR; };
		F09AEA181CE51F360033DD89 /* AppDelegate.swift */ = {isa = PBXFileReference; lastKnownFileType = sourcecode.swift; path = AppDelegate.swift; sourceTree = "<group>"; };
		F09AEA1A1CE51F360033DD89 /* SoundListViewController.swift */ = {isa = PBXFileReference; lastKnownFileType = sourcecode.swift; path = SoundListViewController.swift; sourceTree = "<group>"; };
		F09AEA1D1CE51F360033DD89 /* Base */ = {isa = PBXFileReference; lastKnownFileType = file.storyboard; name = Base; path = Base.lproj/Main.storyboard; sourceTree = "<group>"; };
		F09AEA201CE51F360033DD89 /* Internet_Gekkies.xcdatamodel */ = {isa = PBXFileReference; lastKnownFileType = wrapper.xcdatamodel; path = Internet_Gekkies.xcdatamodel; sourceTree = "<group>"; };
		F09AEA221CE51F360033DD89 /* Assets.xcassets */ = {isa = PBXFileReference; lastKnownFileType = folder.assetcatalog; path = Assets.xcassets; sourceTree = "<group>"; };
		F09AEA251CE51F360033DD89 /* Base */ = {isa = PBXFileReference; lastKnownFileType = file.storyboard; name = Base; path = Base.lproj/LaunchScreen.storyboard; sourceTree = "<group>"; };
		F09AEA271CE51F360033DD89 /* Info.plist */ = {isa = PBXFileReference; lastKnownFileType = text.plist.xml; path = Info.plist; sourceTree = "<group>"; };
		F0C90A721CEC6D4D0090C0EF /* Internet Gekkies-Bridging-Header.h */ = {isa = PBXFileReference; lastKnownFileType = sourcecode.c.h; path = "Internet Gekkies-Bridging-Header.h"; sourceTree = "<group>"; };
		F0C90A731CEC6D4D0090C0EF /* googleAnalytcs.m */ = {isa = PBXFileReference; fileEncoding = 4; lastKnownFileType = sourcecode.c.objc; path = googleAnalytcs.m; sourceTree = "<group>"; };
		F0D95DB21CEC63BC000ADE82 /* ajeto.mp3 */ = {isa = PBXFileReference; lastKnownFileType = audio.mp3; path = ajeto.mp3; sourceTree = "<group>"; };
		F0D95DB31CEC63BC000ADE82 /* bingo.mp3 */ = {isa = PBXFileReference; lastKnownFileType = audio.mp3; path = bingo.mp3; sourceTree = "<group>"; };
		F0D95DB41CEC63BC000ADE82 /* bobhuis.mp3 */ = {isa = PBXFileReference; lastKnownFileType = audio.mp3; path = bobhuis.mp3; sourceTree = "<group>"; };
		F0D95DB51CEC63BC000ADE82 /* datdoejetochnietzo.mp3 */ = {isa = PBXFileReference; lastKnownFileType = audio.mp3; path = datdoejetochnietzo.mp3; sourceTree = "<group>"; };
		F0D95DB61CEC63BC000ADE82 /* datziejetoch.mp3 */ = {isa = PBXFileReference; lastKnownFileType = audio.mp3; path = datziejetoch.mp3; sourceTree = "<group>"; };
		F0D95DB71CEC63BC000ADE82 /* debaas.mp3 */ = {isa = PBXFileReference; lastKnownFileType = audio.mp3; path = debaas.mp3; sourceTree = "<group>"; };
		F0D95DB81CEC63BC000ADE82 /* diadeem.mp3 */ = {isa = PBXFileReference; lastKnownFileType = audio.mp3; path = diadeem.mp3; sourceTree = "<group>"; };
		F0D95DB91CEC63BC000ADE82 /* Dramatic Chipmunk.mp3 */ = {isa = PBXFileReference; lastKnownFileType = audio.mp3; path = "Dramatic Chipmunk.mp3"; sourceTree = "<group>"; };
		F0D95DBA1CEC63BC000ADE82 /* fuckedg.mp3 */ = {isa = PBXFileReference; lastKnownFileType = audio.mp3; path = fuckedg.mp3; sourceTree = "<group>"; };
		F0D95DBB1CEC63BC000ADE82 /* gevrummel.mp3 */ = {isa = PBXFileReference; lastKnownFileType = audio.mp3; path = gevrummel.mp3; sourceTree = "<group>"; };
		F0D95DBC1CEC63BC000ADE82 /* gezeik.mp3 */ = {isa = PBXFileReference; lastKnownFileType = audio.mp3; path = gezeik.mp3; sourceTree = "<group>"; };
		F0D95DBD1CEC63BC000ADE82 /* helemaalmooi.mp3 */ = {isa = PBXFileReference; lastKnownFileType = audio.mp3; path = helemaalmooi.mp3; sourceTree = "<group>"; };
		F0D95DBE1CEC63BC000ADE82 /* Koekoek Jonguh.mp3 */ = {isa = PBXFileReference; lastKnownFileType = audio.mp3; path = "Koekoek Jonguh.mp3"; sourceTree = "<group>"; };
		F0D95DBF1CEC63BC000ADE82 /* leegblik.mp3 */ = {isa = PBXFileReference; lastKnownFileType = audio.mp3; path = leegblik.mp3; sourceTree = "<group>"; };
		F0D95DC01CEC63BC000ADE82 /* macho.mp3 */ = {isa = PBXFileReference; lastKnownFileType = audio.mp3; path = macho.mp3; sourceTree = "<group>"; };
		F0D95DC11CEC63BC000ADE82 /* niggu.mp3 */ = {isa = PBXFileReference; lastKnownFileType = audio.mp3; path = niggu.mp3; sourceTree = "<group>"; };
		F0D95DC21CEC63BC000ADE82 /* nomoney.mp3 */ = {isa = PBXFileReference; lastKnownFileType = audio.mp3; path = nomoney.mp3; sourceTree = "<group>"; };
		F0D95DC31CEC63BC000ADE82 /* nounee.mp3 */ = {isa = PBXFileReference; lastKnownFileType = audio.mp3; path = nounee.mp3; sourceTree = "<group>"; };
		F0D95DC41CEC63BC000ADE82 /* pindakaas.mp3 */ = {isa = PBXFileReference; lastKnownFileType = audio.mp3; path = pindakaas.mp3; sourceTree = "<group>"; };
		F0D95DC51CEC63BC000ADE82 /* plausibel.mp3 */ = {isa = PBXFileReference; lastKnownFileType = audio.mp3; path = plausibel.mp3; sourceTree = "<group>"; };
		F0D95DC61CEC63BC000ADE82 /* rondjes.mp3 */ = {isa = PBXFileReference; lastKnownFileType = audio.mp3; path = rondjes.mp3; sourceTree = "<group>"; };
		F0D95DC71CEC63BC000ADE82 /* sittard.mp3 */ = {isa = PBXFileReference; lastKnownFileType = audio.mp3; path = sittard.mp3; sourceTree = "<group>"; };
		F0D95DC81CEC63BC000ADE82 /* stelen.mp3 */ = {isa = PBXFileReference; lastKnownFileType = audio.mp3; path = stelen.mp3; sourceTree = "<group>"; };
		F0D95DC91CEC63BC000ADE82 /* taarten.mp3 */ = {isa = PBXFileReference; lastKnownFileType = audio.mp3; path = taarten.mp3; sourceTree = "<group>"; };
		F0D95DCA1CEC63BC000ADE82 /* tetanken.mp3 */ = {isa = PBXFileReference; lastKnownFileType = audio.mp3; path = tetanken.mp3; sourceTree = "<group>"; };
		F0D95DCB1CEC63BC000ADE82 /* tomvuurwerk.mp3 */ = {isa = PBXFileReference; lastKnownFileType = audio.mp3; path = tomvuurwerk.mp3; sourceTree = "<group>"; };
		F0D95DCC1CEC63BC000ADE82 /* vanmijnbier.mp3 */ = {isa = PBXFileReference; lastKnownFileType = audio.mp3; path = vanmijnbier.mp3; sourceTree = "<group>"; };
		F0D95DCD1CEC63BC000ADE82 /* vieslachje.mp3 */ = {isa = PBXFileReference; lastKnownFileType = audio.mp3; path = vieslachje.mp3; sourceTree = "<group>"; };
		F0E8B7D31CE5E0F90057D5A8 /* Sound.swift */ = {isa = PBXFileReference; fileEncoding = 4; lastKnownFileType = sourcecode.swift; path = Sound.swift; sourceTree = "<group>"; };
		F0E8B7D71CE5E7910057D5A8 /* AddSoundViewController.swift */ = {isa = PBXFileReference; fileEncoding = 4; lastKnownFileType = sourcecode.swift; path = AddSoundViewController.swift; sourceTree = "<group>"; };
/* End PBXFileReference section */

/* Begin PBXFrameworksBuildPhase section */
		F09AEA121CE51F360033DD89 /* Frameworks */ = {
			isa = PBXFrameworksBuildPhase;
			buildActionMask = 2147483647;
			files = (
				02CB640E697A37BE19C812C9 /* libPods-Internet Gekkies.a in Frameworks */,
			);
			runOnlyForDeploymentPostprocessing = 0;
		};
/* End PBXFrameworksBuildPhase section */

/* Begin PBXGroup section */
		0007220B4F7676F7B72D8A6A /* Pods */ = {
			isa = PBXGroup;
			children = (
				EDE77ED5E4A8F67D9FB22234 /* Pods-Internet Gekkies.debug.xcconfig */,
				C49D99FA3EE5384A4DD7B2B6 /* Pods-Internet Gekkies.release.xcconfig */,
			);
			name = Pods;
			sourceTree = "<group>";
		};
		8FC8F38E88EB0D662944E3C5 /* Frameworks */ = {
			isa = PBXGroup;
			children = (
				AC1F755A37E7D64235AD3200 /* libPods-Internet Gekkies.a */,
			);
			name = Frameworks;
			sourceTree = "<group>";
		};
		F09AEA0C1CE51F360033DD89 = {
			isa = PBXGroup;
			children = (
				F09AEA171CE51F360033DD89 /* Internet Gekkies */,
				F09AEA161CE51F360033DD89 /* Products */,
				0007220B4F7676F7B72D8A6A /* Pods */,
				8FC8F38E88EB0D662944E3C5 /* Frameworks */,
			);
			sourceTree = "<group>";
		};
		F09AEA161CE51F360033DD89 /* Products */ = {
			isa = PBXGroup;
			children = (
				F09AEA151CE51F360033DD89 /* Gekkies.app */,
			);
			name = Products;
			sourceTree = "<group>";
		};
		F09AEA171CE51F360033DD89 /* Internet Gekkies */ = {
			isa = PBXGroup;
			children = (
				F0E8B7D31CE5E0F90057D5A8 /* Sound.swift */,
				F09AEA181CE51F360033DD89 /* AppDelegate.swift */,
				F09AEA1A1CE51F360033DD89 /* SoundListViewController.swift */,
				F0E8B7D71CE5E7910057D5A8 /* AddSoundViewController.swift */,
				F09AEA1C1CE51F360033DD89 /* Main.storyboard */,
				F09AEA221CE51F360033DD89 /* Assets.xcassets */,
				F0D95DB21CEC63BC000ADE82 /* ajeto.mp3 */,
				F0D95DB31CEC63BC000ADE82 /* bingo.mp3 */,
				F0D95DB41CEC63BC000ADE82 /* bobhuis.mp3 */,
				F0D95DB51CEC63BC000ADE82 /* datdoejetochnietzo.mp3 */,
				F0D95DB61CEC63BC000ADE82 /* datziejetoch.mp3 */,
				F0D95DB71CEC63BC000ADE82 /* debaas.mp3 */,
				F0D95DB81CEC63BC000ADE82 /* diadeem.mp3 */,
				F0D95DB91CEC63BC000ADE82 /* Dramatic Chipmunk.mp3 */,
				F091E7411CED277F007DB9F6 /* GoogleService-Info.plist */,
				F0D95DBA1CEC63BC000ADE82 /* fuckedg.mp3 */,
				F0D95DBB1CEC63BC000ADE82 /* gevrummel.mp3 */,
				F0D95DBC1CEC63BC000ADE82 /* gezeik.mp3 */,
				F0D95DBD1CEC63BC000ADE82 /* helemaalmooi.mp3 */,
				F0D95DBE1CEC63BC000ADE82 /* Koekoek Jonguh.mp3 */,
				F0D95DBF1CEC63BC000ADE82 /* leegblik.mp3 */,
				F0D95DC01CEC63BC000ADE82 /* macho.mp3 */,
				F0C90A731CEC6D4D0090C0EF /* googleAnalytcs.m */,
				F0D95DC11CEC63BC000ADE82 /* niggu.mp3 */,
				F0D95DC21CEC63BC000ADE82 /* nomoney.mp3 */,
				F07BC8DA1CEC972100FBA8EF /* dubsmashinternetgekkies.jpg */,
				F0D95DC31CEC63BC000ADE82 /* nounee.mp3 */,
				F0D95DC41CEC63BC000ADE82 /* pindakaas.mp3 */,
				F0D95DC51CEC63BC000ADE82 /* plausibel.mp3 */,
				F0D95DC61CEC63BC000ADE82 /* rondjes.mp3 */,
				F0D95DC71CEC63BC000ADE82 /* sittard.mp3 */,
				F0D95DC81CEC63BC000ADE82 /* stelen.mp3 */,
				F0D95DC91CEC63BC000ADE82 /* taarten.mp3 */,
				F0D95DCA1CEC63BC000ADE82 /* tetanken.mp3 */,
				F0D95DCB1CEC63BC000ADE82 /* tomvuurwerk.mp3 */,
				F0D95DCC1CEC63BC000ADE82 /* vanmijnbier.mp3 */,
				F0D95DCD1CEC63BC000ADE82 /* vieslachje.mp3 */,
				F09AEA241CE51F360033DD89 /* LaunchScreen.storyboard */,
				F09AEA271CE51F360033DD89 /* Info.plist */,
				F09AEA1F1CE51F360033DD89 /* Internet_Gekkies.xcdatamodeld */,
				F0C90A721CEC6D4D0090C0EF /* Internet Gekkies-Bridging-Header.h */,
			);
			path = "Internet Gekkies";
			sourceTree = "<group>";
		};
/* End PBXGroup section */

/* Begin PBXNativeTarget section */
		F09AEA141CE51F360033DD89 /* Internet Gekkies */ = {
			isa = PBXNativeTarget;
			buildConfigurationList = F09AEA2A1CE51F360033DD89 /* Build configuration list for PBXNativeTarget "Internet Gekkies" */;
			buildPhases = (
				33F2D5CE7B1B7C00DA1428C3 /* 📦 Check Pods Manifest.lock */,
				F09AEA111CE51F360033DD89 /* Sources */,
				F09AEA121CE51F360033DD89 /* Frameworks */,
				F09AEA131CE51F360033DD89 /* Resources */,
				87418938C81350C51EF526A0 /* 📦 Embed Pods Frameworks */,
				6C3922456CF87424BB184D16 /* 📦 Copy Pods Resources */,
				F005D76A1CEDBB800084112B /* ShellScript */,
			);
			buildRules = (
			);
			dependencies = (
			);
			name = "Internet Gekkies";
			productName = "Internet Gekkies";
			productReference = F09AEA151CE51F360033DD89 /* Gekkies.app */;
			productType = "com.apple.product-type.application";
		};
/* End PBXNativeTarget section */

/* Begin PBXProject section */
		F09AEA0D1CE51F360033DD89 /* Project object */ = {
			isa = PBXProject;
			attributes = {
				LastSwiftUpdateCheck = 0730;
				LastUpgradeCheck = 0730;
				ORGANIZATIONNAME = "D3 - Creative Agency";
				TargetAttributes = {
					F09AEA141CE51F360033DD89 = {
						CreatedOnToolsVersion = 7.3.1;
						DevelopmentTeam = U7B984A2DY;
						SystemCapabilities = {
							com.apple.Push = {
								enabled = 1;
							};
						};
					};
				};
			};
			buildConfigurationList = F09AEA101CE51F360033DD89 /* Build configuration list for PBXProject "Internet Gekkies" */;
			compatibilityVersion = "Xcode 3.2";
			developmentRegion = English;
			hasScannedForEncodings = 0;
			knownRegions = (
				en,
				Base,
			);
			mainGroup = F09AEA0C1CE51F360033DD89;
			productRefGroup = F09AEA161CE51F360033DD89 /* Products */;
			projectDirPath = "";
			projectRoot = "";
			targets = (
				F09AEA141CE51F360033DD89 /* Internet Gekkies */,
			);
		};
/* End PBXProject section */

/* Begin PBXResourcesBuildPhase section */
		F09AEA131CE51F360033DD89 /* Resources */ = {
			isa = PBXResourcesBuildPhase;
			buildActionMask = 2147483647;
			files = (
				F0D95DDD1CEC63BC000ADE82 /* niggu.mp3 in Resources */,
				F09AEA261CE51F360033DD89 /* LaunchScreen.storyboard in Resources */,
				F0D95DE11CEC63BC000ADE82 /* plausibel.mp3 in Resources */,
				F0D95DD31CEC63BC000ADE82 /* debaas.mp3 in Resources */,
				F0D95DE61CEC63BC000ADE82 /* tetanken.mp3 in Resources */,
				F0D95DD41CEC63BC000ADE82 /* diadeem.mp3 in Resources */,
				F0D95DD71CEC63BC000ADE82 /* gevrummel.mp3 in Resources */,
				F0D95DE21CEC63BC000ADE82 /* rondjes.mp3 in Resources */,
				F091E7421CED277F007DB9F6 /* GoogleService-Info.plist in Resources */,
				F0D95DDA1CEC63BC000ADE82 /* Koekoek Jonguh.mp3 in Resources */,
				F0D95DE71CEC63BC000ADE82 /* tomvuurwerk.mp3 in Resources */,
				F0D95DDE1CEC63BC000ADE82 /* nomoney.mp3 in Resources */,
				F0D95DE31CEC63BC000ADE82 /* sittard.mp3 in Resources */,
				F0D95DCF1CEC63BC000ADE82 /* bingo.mp3 in Resources */,
				F0D95DDF1CEC63BC000ADE82 /* nounee.mp3 in Resources */,
				F0D95DD11CEC63BC000ADE82 /* datdoejetochnietzo.mp3 in Resources */,
				F09AEA231CE51F360033DD89 /* Assets.xcassets in Resources */,
				F0D95DD61CEC63BC000ADE82 /* fuckedg.mp3 in Resources */,
				F0D95DDC1CEC63BC000ADE82 /* macho.mp3 in Resources */,
				F0D95DE81CEC63BC000ADE82 /* vanmijnbier.mp3 in Resources */,
				F0D95DD21CEC63BC000ADE82 /* datziejetoch.mp3 in Resources */,
				F0D95DD01CEC63BC000ADE82 /* bobhuis.mp3 in Resources */,
				F07BC8DB1CEC972100FBA8EF /* dubsmashinternetgekkies.jpg in Resources */,
				F0D95DD91CEC63BC000ADE82 /* helemaalmooi.mp3 in Resources */,
				F0D95DD51CEC63BC000ADE82 /* Dramatic Chipmunk.mp3 in Resources */,
				F0D95DDB1CEC63BC000ADE82 /* leegblik.mp3 in Resources */,
				F0D95DCE1CEC63BC000ADE82 /* ajeto.mp3 in Resources */,
				F0D95DE01CEC63BC000ADE82 /* pindakaas.mp3 in Resources */,
				F09AEA1E1CE51F360033DD89 /* Main.storyboard in Resources */,
				F0D95DD81CEC63BC000ADE82 /* gezeik.mp3 in Resources */,
				F0D95DE51CEC63BC000ADE82 /* taarten.mp3 in Resources */,
				F0D95DE91CEC63BC000ADE82 /* vieslachje.mp3 in Resources */,
				F0D95DE41CEC63BC000ADE82 /* stelen.mp3 in Resources */,
			);
			runOnlyForDeploymentPostprocessing = 0;
		};
/* End PBXResourcesBuildPhase section */

/* Begin PBXShellScriptBuildPhase section */
		33F2D5CE7B1B7C00DA1428C3 /* 📦 Check Pods Manifest.lock */ = {
			isa = PBXShellScriptBuildPhase;
			buildActionMask = 2147483647;
			files = (
			);
			inputPaths = (
			);
			name = "📦 Check Pods Manifest.lock";
			outputPaths = (
			);
			runOnlyForDeploymentPostprocessing = 0;
			shellPath = /bin/sh;
			shellScript = "diff \"${PODS_ROOT}/../Podfile.lock\" \"${PODS_ROOT}/Manifest.lock\" > /dev/null\nif [[ $? != 0 ]] ; then\n    cat << EOM\nerror: The sandbox is not in sync with the Podfile.lock. Run 'pod install' or update your CocoaPods installation.\nEOM\n    exit 1\nfi\n";
			showEnvVarsInLog = 0;
		};
		6C3922456CF87424BB184D16 /* 📦 Copy Pods Resources */ = {
			isa = PBXShellScriptBuildPhase;
			buildActionMask = 2147483647;
			files = (
			);
			inputPaths = (
			);
			name = "📦 Copy Pods Resources";
			outputPaths = (
			);
			runOnlyForDeploymentPostprocessing = 0;
			shellPath = /bin/sh;
			shellScript = "\"${SRCROOT}/Pods/Target Support Files/Pods-Internet Gekkies/Pods-Internet Gekkies-resources.sh\"\n";
			showEnvVarsInLog = 0;
		};
		87418938C81350C51EF526A0 /* 📦 Embed Pods Frameworks */ = {
			isa = PBXShellScriptBuildPhase;
			buildActionMask = 2147483647;
			files = (
			);
			inputPaths = (
			);
			name = "📦 Embed Pods Frameworks";
			outputPaths = (
			);
			runOnlyForDeploymentPostprocessing = 0;
			shellPath = /bin/sh;
			shellScript = "\"${SRCROOT}/Pods/Target Support Files/Pods-Internet Gekkies/Pods-Internet Gekkies-frameworks.sh\"\n";
			showEnvVarsInLog = 0;
		};
		F005D76A1CEDBB800084112B /* ShellScript */ = {
			isa = PBXShellScriptBuildPhase;
			buildActionMask = 2147483647;
			files = (
			);
			inputPaths = (
			);
			outputPaths = (
			);
			runOnlyForDeploymentPostprocessing = 0;
			shellPath = /bin/sh;
			shellScript = "# Replace this path with the path to the key you just downloaded\nJSON_FILE=~/Internet-Gekkies-2b92fbf3046e.json\n\n# Replace this with the GOOGLE_APP_ID from your GoogleService-Info.plist file\nGOOGLE_APP_ID=1:939443139041:ios:04ef4cfe21e13d3f\n\ndefaults write com.google.SymbolUpload version -integer 1   # creates file if it does not exist\nJSON=$(cat \"${JSON_FILE}\")\n/usr/bin/plutil -replace \"app_${GOOGLE_APP_ID//:/_}\" -json \"${JSON}\" \"$HOME/Library/Preferences/com.google.SymbolUpload.plist\"\n\"${PODS_ROOT}\"/FirebaseCrash/upload-sym";
		};
/* End PBXShellScriptBuildPhase section */

/* Begin PBXSourcesBuildPhase section */
		F09AEA111CE51F360033DD89 /* Sources */ = {
			isa = PBXSourcesBuildPhase;
			buildActionMask = 2147483647;
			files = (
				F09AEA1B1CE51F360033DD89 /* SoundListViewController.swift in Sources */,
				F0C90A741CEC6D4D0090C0EF /* googleAnalytcs.m in Sources */,
				F09AEA211CE51F360033DD89 /* Internet_Gekkies.xcdatamodeld in Sources */,
				F09AEA191CE51F360033DD89 /* AppDelegate.swift in Sources */,
				F0E8B7D81CE5E7910057D5A8 /* AddSoundViewController.swift in Sources */,
				F0E8B7D41CE5E0F90057D5A8 /* Sound.swift in Sources */,
			);
			runOnlyForDeploymentPostprocessing = 0;
		};
/* End PBXSourcesBuildPhase section */

/* Begin PBXVariantGroup section */
		F09AEA1C1CE51F360033DD89 /* Main.storyboard */ = {
			isa = PBXVariantGroup;
			children = (
				F09AEA1D1CE51F360033DD89 /* Base */,
			);
			name = Main.storyboard;
			sourceTree = "<group>";
		};
		F09AEA241CE51F360033DD89 /* LaunchScreen.storyboard */ = {
			isa = PBXVariantGroup;
			children = (
				F09AEA251CE51F360033DD89 /* Base */,
			);
			name = LaunchScreen.storyboard;
			sourceTree = "<group>";
		};
/* End PBXVariantGroup section */

/* Begin XCBuildConfiguration section */
		F09AEA281CE51F360033DD89 /* Debug */ = {
			isa = XCBuildConfiguration;
			buildSettings = {
				ALWAYS_SEARCH_USER_PATHS = NO;
				CLANG_ANALYZER_NONNULL = YES;
				CLANG_CXX_LANGUAGE_STANDARD = "gnu++0x";
				CLANG_CXX_LIBRARY = "libc++";
				CLANG_ENABLE_MODULES = YES;
				CLANG_ENABLE_OBJC_ARC = YES;
				CLANG_WARN_BOOL_CONVERSION = YES;
				CLANG_WARN_CONSTANT_CONVERSION = YES;
				CLANG_WARN_DIRECT_OBJC_ISA_USAGE = YES_ERROR;
				CLANG_WARN_EMPTY_BODY = YES;
				CLANG_WARN_ENUM_CONVERSION = YES;
				CLANG_WARN_INT_CONVERSION = YES;
				CLANG_WARN_OBJC_ROOT_CLASS = YES_ERROR;
				CLANG_WARN_UNREACHABLE_CODE = YES;
				CLANG_WARN__DUPLICATE_METHOD_MATCH = YES;
				"CODE_SIGN_IDENTITY[sdk=iphoneos*]" = "iPhone Developer";
				COPY_PHASE_STRIP = NO;
				DEBUG_INFORMATION_FORMAT = dwarf;
				ENABLE_STRICT_OBJC_MSGSEND = YES;
				ENABLE_TESTABILITY = YES;
				GCC_C_LANGUAGE_STANDARD = gnu99;
				GCC_DYNAMIC_NO_PIC = NO;
				GCC_NO_COMMON_BLOCKS = YES;
				GCC_OPTIMIZATION_LEVEL = 0;
				GCC_PREPROCESSOR_DEFINITIONS = (
					"DEBUG=1",
					"$(inherited)",
				);
				GCC_WARN_64_TO_32_BIT_CONVERSION = YES;
				GCC_WARN_ABOUT_RETURN_TYPE = YES_ERROR;
				GCC_WARN_UNDECLARED_SELECTOR = YES;
				GCC_WARN_UNINITIALIZED_AUTOS = YES_AGGRESSIVE;
				GCC_WARN_UNUSED_FUNCTION = YES;
				GCC_WARN_UNUSED_VARIABLE = YES;
				IPHONEOS_DEPLOYMENT_TARGET = 9.3;
				MTL_ENABLE_DEBUG_INFO = YES;
				ONLY_ACTIVE_ARCH = YES;
				SDKROOT = iphoneos;
				SWIFT_OPTIMIZATION_LEVEL = "-Onone";
				TARGETED_DEVICE_FAMILY = "1,2";
			};
			name = Debug;
		};
		F09AEA291CE51F360033DD89 /* Release */ = {
			isa = XCBuildConfiguration;
			buildSettings = {
				ALWAYS_SEARCH_USER_PATHS = NO;
				CLANG_ANALYZER_NONNULL = YES;
				CLANG_CXX_LANGUAGE_STANDARD = "gnu++0x";
				CLANG_CXX_LIBRARY = "libc++";
				CLANG_ENABLE_MODULES = YES;
				CLANG_ENABLE_OBJC_ARC = YES;
				CLANG_WARN_BOOL_CONVERSION = YES;
				CLANG_WARN_CONSTANT_CONVERSION = YES;
				CLANG_WARN_DIRECT_OBJC_ISA_USAGE = YES_ERROR;
				CLANG_WARN_EMPTY_BODY = YES;
				CLANG_WARN_ENUM_CONVERSION = YES;
				CLANG_WARN_INT_CONVERSION = YES;
				CLANG_WARN_OBJC_ROOT_CLASS = YES_ERROR;
				CLANG_WARN_UNREACHABLE_CODE = YES;
				CLANG_WARN__DUPLICATE_METHOD_MATCH = YES;
				"CODE_SIGN_IDENTITY[sdk=iphoneos*]" = "iPhone Developer";
				COPY_PHASE_STRIP = NO;
				DEBUG_INFORMATION_FORMAT = "dwarf-with-dsym";
				ENABLE_NS_ASSERTIONS = NO;
				ENABLE_STRICT_OBJC_MSGSEND = YES;
				GCC_C_LANGUAGE_STANDARD = gnu99;
				GCC_NO_COMMON_BLOCKS = YES;
				GCC_WARN_64_TO_32_BIT_CONVERSION = YES;
				GCC_WARN_ABOUT_RETURN_TYPE = YES_ERROR;
				GCC_WARN_UNDECLARED_SELECTOR = YES;
				GCC_WARN_UNINITIALIZED_AUTOS = YES_AGGRESSIVE;
				GCC_WARN_UNUSED_FUNCTION = YES;
				GCC_WARN_UNUSED_VARIABLE = YES;
				IPHONEOS_DEPLOYMENT_TARGET = 9.3;
				MTL_ENABLE_DEBUG_INFO = NO;
				SDKROOT = iphoneos;
				TARGETED_DEVICE_FAMILY = "1,2";
				VALIDATE_PRODUCT = YES;
			};
			name = Release;
		};
		F09AEA2B1CE51F360033DD89 /* Debug */ = {
			isa = XCBuildConfiguration;
			baseConfigurationReference = EDE77ED5E4A8F67D9FB22234 /* Pods-Internet Gekkies.debug.xcconfig */;
			buildSettings = {
				ASSETCATALOG_COMPILER_APPICON_NAME = AppIcon;
				CLANG_ENABLE_MODULES = YES;
				CODE_SIGN_IDENTITY = "iPhone Developer";
				INFOPLIST_FILE = "Internet Gekkies/Info.plist";
				IPHONEOS_DEPLOYMENT_TARGET = 8.0;
				LD_RUNPATH_SEARCH_PATHS = "$(inherited) @executable_path/Frameworks";
				PRODUCT_BUNDLE_IDENTIFIER = "com.xvilo.Internet-Gekkies";
				PRODUCT_NAME = Gekkies;
				SWIFT_OBJC_BRIDGING_HEADER = "Internet Gekkies/Internet Gekkies-Bridging-Header.h";
				SWIFT_OPTIMIZATION_LEVEL = "-Onone";
			};
			name = Debug;
		};
		F09AEA2C1CE51F360033DD89 /* Release */ = {
			isa = XCBuildConfiguration;
			baseConfigurationReference = C49D99FA3EE5384A4DD7B2B6 /* Pods-Internet Gekkies.release.xcconfig */;
			buildSettings = {
				ASSETCATALOG_COMPILER_APPICON_NAME = AppIcon;
				CLANG_ENABLE_MODULES = YES;
				CODE_SIGN_IDENTITY = "iPhone Developer";
				INFOPLIST_FILE = "Internet Gekkies/Info.plist";
				IPHONEOS_DEPLOYMENT_TARGET = 8.0;
				LD_RUNPATH_SEARCH_PATHS = "$(inherited) @executable_path/Frameworks";
				PRODUCT_BUNDLE_IDENTIFIER = "com.xvilo.Internet-Gekkies";
				PRODUCT_NAME = Gekkies;
				SWIFT_OBJC_BRIDGING_HEADER = "Internet Gekkies/Internet Gekkies-Bridging-Header.h";
			};
			name = Release;
		};
/* End XCBuildConfiguration section */

/* Begin XCConfigurationList section */
		F09AEA101CE51F360033DD89 /* Build configuration list for PBXProject "Internet Gekkies" */ = {
			isa = XCConfigurationList;
			buildConfigurations = (
				F09AEA281CE51F360033DD89 /* Debug */,
				F09AEA291CE51F360033DD89 /* Release */,
			);
			defaultConfigurationIsVisible = 0;
			defaultConfigurationName = Release;
		};
		F09AEA2A1CE51F360033DD89 /* Build configuration list for PBXNativeTarget "Internet Gekkies" */ = {
			isa = XCConfigurationList;
			buildConfigurations = (
				F09AEA2B1CE51F360033DD89 /* Debug */,
				F09AEA2C1CE51F360033DD89 /* Release */,
			);
			defaultConfigurationIsVisible = 0;
			defaultConfigurationName = Release;
		};
/* End XCConfigurationList section */

/* Begin XCVersionGroup section */
		F09AEA1F1CE51F360033DD89 /* Internet_Gekkies.xcdatamodeld */ = {
			isa = XCVersionGroup;
			children = (
				F09AEA201CE51F360033DD89 /* Internet_Gekkies.xcdatamodel */,
			);
			currentVersion = F09AEA201CE51F360033DD89 /* Internet_Gekkies.xcdatamodel */;
			path = Internet_Gekkies.xcdatamodeld;
			sourceTree = "<group>";
			versionGroupType = wrapper.xcdatamodel;
		};
/* End XCVersionGroup section */
	};
	rootObject = F09AEA0D1CE51F360033DD89 /* Project object */;
}
